
Microsoft Visual Studio Solution File, Format Version 12.00
# Visual Studio Version 17
VisualStudioVersion = 17.9.34701.34
MinimumVisualStudioVersion = 10.0.40219.1
Project("{9A19103F-16F7-4668-BE54-9A1E7A4F7556}") = "BackEnd", "BackEnd\BackEnd.csproj", "{5281AC14-439A-465E-9F7C-B5F87E34D988}"
EndProject
Project("{9A19103F-16F7-4668-BE54-9A1E7A4F7556}") = "API", "API\API.csproj", "{D6A5D895-C55D-4675-A992-F8EA8E1C2DC0}"
EndProject
Project("{FAE04EC0-301F-11D3-BF4B-00C04F79EFBC}") = "businessLogic", "businessLogic\businessLogic.csproj", "{0ECD6345-7045-41FE-912F-CFA481521FDC}"
EndProject
Global
	GlobalSection(SolutionConfigurationPlatforms) = preSolution
		Debug|Any CPU = Debug|Any CPU
		Release|Any CPU = Release|Any CPU
	EndGlobalSection
	GlobalSection(ProjectConfigurationPlatforms) = postSolution
		{5281AC14-439A-465E-9F7C-B5F87E34D988}.Debug|Any CPU.ActiveCfg = Debug|Any CPU
		{5281AC14-439A-465E-9F7C-B5F87E34D988}.Debug|Any CPU.Build.0 = Debug|Any CPU
		{5281AC14-439A-465E-9F7C-B5F87E34D988}.Release|Any CPU.ActiveCfg = Release|Any CPU
		{5281AC14-439A-465E-9F7C-B5F87E34D988}.Release|Any CPU.Build.0 = Release|Any CPU
		{D6A5D895-C55D-4675-A992-F8EA8E1C2DC0}.Debug|Any CPU.ActiveCfg = Debug|Any CPU
		{D6A5D895-C55D-4675-A992-F8EA8E1C2DC0}.Debug|Any CPU.Build.0 = Debug|Any CPU
		{D6A5D895-C55D-4675-A992-F8EA8E1C2DC0}.Release|Any CPU.ActiveCfg = Release|Any CPU
		{D6A5D895-C55D-4675-A992-F8EA8E1C2DC0}.Release|Any CPU.Build.0 = Release|Any CPU
		{0ECD6345-7045-41FE-912F-CFA481521FDC}.Debug|Any CPU.ActiveCfg = Debug|Any CPU
		{0ECD6345-7045-41FE-912F-CFA481521FDC}.Debug|Any CPU.Build.0 = Debug|Any CPU
		{0ECD6345-7045-41FE-912F-CFA481521FDC}.Release|Any CPU.ActiveCfg = Release|Any CPU
		{0ECD6345-7045-41FE-912F-CFA481521FDC}.Release|Any CPU.Build.0 = Release|Any CPU
	EndGlobalSection
	GlobalSection(SolutionProperties) = preSolution
		HideSolutionNode = FALSE
	EndGlobalSection
	GlobalSection(ExtensibilityGlobals) = postSolution
		SolutionGuid = {236433F4-AE67-4DF5-93AA-5CBF135832CE}
	EndGlobalSection
EndGlobal
